// !$*UTF8*$!
{
	archiveVersion = 1;
	classes = {
	};
	objectVersion = 55;
	objects = {

/* Begin PBXBuildFile section */
		78150581299C15E50020C37C /* SwiftyJSON in Frameworks */ = {isa = PBXBuildFile; productRef = 78150580299C15E50020C37C /* SwiftyJSON */; };
		785E8B8C285796740063DB63 /* AppDelegate.swift in Sources */ = {isa = PBXBuildFile; fileRef = 785E8B8B285796740063DB63 /* AppDelegate.swift */; };
		785E8B90285796740063DB63 /* ShellTextVC.swift in Sources */ = {isa = PBXBuildFile; fileRef = 785E8B8F285796740063DB63 /* ShellTextVC.swift */; };
		785E8B93285796740063DB63 /* Main.storyboard in Resources */ = {isa = PBXBuildFile; fileRef = 785E8B91285796740063DB63 /* Main.storyboard */; };
		785E8B96285796740063DB63 /* ShellText.xcdatamodeld in Sources */ = {isa = PBXBuildFile; fileRef = 785E8B94285796740063DB63 /* ShellText.xcdatamodeld */; };
		785E8B98285796750063DB63 /* Assets.xcassets in Resources */ = {isa = PBXBuildFile; fileRef = 785E8B97285796750063DB63 /* Assets.xcassets */; };
		785E8B9B285796750063DB63 /* LaunchScreen.storyboard in Resources */ = {isa = PBXBuildFile; fileRef = 785E8B99285796750063DB63 /* LaunchScreen.storyboard */; };
		785E8BB22857A2510063DB63 /* Constants.swift in Sources */ = {isa = PBXBuildFile; fileRef = 785E8BB12857A2510063DB63 /* Constants.swift */; };
		785E8BB42857A2630063DB63 /* CurrentWeather.swift in Sources */ = {isa = PBXBuildFile; fileRef = 785E8BB32857A2630063DB63 /* CurrentWeather.swift */; };
		785E8BB72857A2B70063DB63 /* Alamofire in Frameworks */ = {isa = PBXBuildFile; productRef = 785E8BB62857A2B70063DB63 /* Alamofire */; };
		785E8BBB2857A5CF0063DB63 /* Foundation.framework in Frameworks */ = {isa = PBXBuildFile; fileRef = 785E8BB92857A5CC0063DB63 /* Foundation.framework */; settings = {ATTRIBUTES = (Weak, ); }; };
/* End PBXBuildFile section */

/* Begin PBXFileReference section */
		785E8B88285796740063DB63 /* ShellText.app */ = {isa = PBXFileReference; explicitFileType = wrapper.application; includeInIndex = 0; path = ShellText.app; sourceTree = BUILT_PRODUCTS_DIR; };
		785E8B8B285796740063DB63 /* AppDelegate.swift */ = {isa = PBXFileReference; lastKnownFileType = sourcecode.swift; path = AppDelegate.swift; sourceTree = "<group>"; };
		785E8B8F285796740063DB63 /* ShellTextVC.swift */ = {isa = PBXFileReference; lastKnownFileType = sourcecode.swift; path = ShellTextVC.swift; sourceTree = "<group>"; };
		785E8B92285796740063DB63 /* Base */ = {isa = PBXFileReference; lastKnownFileType = file.storyboard; name = Base; path = Base.lproj/Main.storyboard; sourceTree = "<group>"; };
		785E8B95285796740063DB63 /* ShellText.xcdatamodel */ = {isa = PBXFileReference; lastKnownFileType = wrapper.xcdatamodel; path = ShellText.xcdatamodel; sourceTree = "<group>"; };
		785E8B97285796750063DB63 /* Assets.xcassets */ = {isa = PBXFileReference; lastKnownFileType = folder.assetcatalog; path = Assets.xcassets; sourceTree = "<group>"; };
		785E8B9A285796750063DB63 /* Base */ = {isa = PBXFileReference; lastKnownFileType = file.storyboard; name = Base; path = Base.lproj/LaunchScreen.storyboard; sourceTree = "<group>"; };
		785E8B9C285796750063DB63 /* Info.plist */ = {isa = PBXFileReference; lastKnownFileType = text.plist.xml; path = Info.plist; sourceTree = "<group>"; };
		785E8BB12857A2510063DB63 /* Constants.swift */ = {isa = PBXFileReference; fileEncoding = 4; lastKnownFileType = sourcecode.swift; path = Constants.swift; sourceTree = "<group>"; };
		785E8BB32857A2630063DB63 /* CurrentWeather.swift */ = {isa = PBXFileReference; fileEncoding = 4; lastKnownFileType = sourcecode.swift; path = CurrentWeather.swift; sourceTree = "<group>"; };
		785E8BB92857A5CC0063DB63 /* Foundation.framework */ = {isa = PBXFileReference; lastKnownFileType = wrapper.framework; name = Foundation.framework; path = System/Library/Frameworks/Foundation.framework; sourceTree = SDKROOT; };
/* End PBXFileReference section */

/* Begin PBXFrameworksBuildPhase section */
		785E8B85285796740063DB63 /* Frameworks */ = {
			isa = PBXFrameworksBuildPhase;
			buildActionMask = 2147483647;
			files = (
				78150581299C15E50020C37C /* SwiftyJSON in Frameworks */,
				785E8BB72857A2B70063DB63 /* Alamofire in Frameworks */,
				785E8BBB2857A5CF0063DB63 /* Foundation.framework in Frameworks */,
			);
			runOnlyForDeploymentPostprocessing = 0;
		};
/* End PBXFrameworksBuildPhase section */

/* Begin PBXGroup section */
		785E8B7F285796740063DB63 = {
			isa = PBXGroup;
			children = (
				785E8B8A285796740063DB63 /* ShellText */,
				785E8B89285796740063DB63 /* Products */,
				785E8BB82857A5CC0063DB63 /* Frameworks */,
			);
			sourceTree = "<group>";
		};
		785E8B89285796740063DB63 /* Products */ = {
			isa = PBXGroup;
			children = (
				785E8B88285796740063DB63 /* ShellText.app */,
			);
			name = Products;
			sourceTree = "<group>";
		};
		785E8B8A285796740063DB63 /* ShellText */ = {
			isa = PBXGroup;
			children = (
				785E8BAE2857A1EB0063DB63 /* ViewModel */,
				785E8BAD2857A1E40063DB63 /* View */,
				785E8BAC2857A1DE0063DB63 /* Model */,
				785E8B8B285796740063DB63 /* AppDelegate.swift */,
				785E8B91285796740063DB63 /* Main.storyboard */,
				785E8B97285796750063DB63 /* Assets.xcassets */,
				785E8B99285796750063DB63 /* LaunchScreen.storyboard */,
				785E8B9C285796750063DB63 /* Info.plist */,
				785E8B94285796740063DB63 /* ShellText.xcdatamodeld */,
			);
			path = ShellText;
			sourceTree = "<group>";
		};
		785E8BAC2857A1DE0063DB63 /* Model */ = {
			isa = PBXGroup;
			children = (
				785E8BB32857A2630063DB63 /* CurrentWeather.swift */,
				785E8BB12857A2510063DB63 /* Constants.swift */,
			);
			path = Model;
			sourceTree = "<group>";
		};
		785E8BAD2857A1E40063DB63 /* View */ = {
			isa = PBXGroup;
			children = (
				785E8B8F285796740063DB63 /* ShellTextVC.swift */,
			);
			path = View;
			sourceTree = "<group>";
		};
		785E8BAE2857A1EB0063DB63 /* ViewModel */ = {
			isa = PBXGroup;
			children = (
			);
			path = ViewModel;
			sourceTree = "<group>";
		};
		785E8BB82857A5CC0063DB63 /* Frameworks */ = {
			isa = PBXGroup;
			children = (
				785E8BB92857A5CC0063DB63 /* Foundation.framework */,
			);
			name = Frameworks;
			sourceTree = "<group>";
		};
/* End PBXGroup section */

/* Begin PBXNativeTarget section */
		785E8B87285796740063DB63 /* ShellText */ = {
			isa = PBXNativeTarget;
			buildConfigurationList = 785E8B9F285796750063DB63 /* Build configuration list for PBXNativeTarget "ShellText" */;
			buildPhases = (
				785E8B84285796740063DB63 /* Sources */,
				785E8B85285796740063DB63 /* Frameworks */,
				785E8B86285796740063DB63 /* Resources */,
			);
			buildRules = (
			);
			dependencies = (
			);
			name = ShellText;
			packageProductDependencies = (
				785E8BB62857A2B70063DB63 /* Alamofire */,
				78150580299C15E50020C37C /* SwiftyJSON */,
			);
			productName = ShellText;
			productReference = 785E8B88285796740063DB63 /* ShellText.app */;
			productType = "com.apple.product-type.application";
		};
/* End PBXNativeTarget section */

/* Begin PBXProject section */
		785E8B80285796740063DB63 /* Project object */ = {
			isa = PBXProject;
			attributes = {
				BuildIndependentTargetsInParallel = 1;
				LastSwiftUpdateCheck = 1340;
				LastUpgradeCheck = 1340;
				TargetAttributes = {
					785E8B87285796740063DB63 = {
						CreatedOnToolsVersion = 13.4;
					};
				};
			};
			buildConfigurationList = 785E8B83285796740063DB63 /* Build configuration list for PBXProject "ShellText" */;
			compatibilityVersion = "Xcode 13.0";
			developmentRegion = en;
			hasScannedForEncodings = 0;
			knownRegions = (
				en,
				Base,
			);
			mainGroup = 785E8B7F285796740063DB63;
			packageReferences = (
				785E8BB52857A2B70063DB63 /* XCRemoteSwiftPackageReference "Alamofire" */,
				7815057F299C15E50020C37C /* XCRemoteSwiftPackageReference "SwiftyJSON" */,
			);
			productRefGroup = 785E8B89285796740063DB63 /* Products */;
			projectDirPath = "";
			projectRoot = "";
			targets = (
				785E8B87285796740063DB63 /* ShellText */,
			);
		};
/* End PBXProject section */

/* Begin PBXResourcesBuildPhase section */
		785E8B86285796740063DB63 /* Resources */ = {
			isa = PBXResourcesBuildPhase;
			buildActionMask = 2147483647;
			files = (
				785E8B9B285796750063DB63 /* LaunchScreen.storyboard in Resources */,
				785E8B98285796750063DB63 /* Assets.xcassets in Resources */,
				785E8B93285796740063DB63 /* Main.storyboard in Resources */,
			);
			runOnlyForDeploymentPostprocessing = 0;
		};
/* End PBXResourcesBuildPhase section */

/* Begin PBXSourcesBuildPhase section */
		785E8B84285796740063DB63 /* Sources */ = {
			isa = PBXSourcesBuildPhase;
			buildActionMask = 2147483647;
			files = (
				785E8B90285796740063DB63 /* ShellTextVC.swift in Sources */,
				785E8B8C285796740063DB63 /* AppDelegate.swift in Sources */,
				785E8B96285796740063DB63 /* ShellText.xcdatamodeld in Sources */,
				785E8BB42857A2630063DB63 /* CurrentWeather.swift in Sources */,
				785E8BB22857A2510063DB63 /* Constants.swift in Sources */,
			);
			runOnlyForDeploymentPostprocessing = 0;
		};
/* End PBXSourcesBuildPhase section */

/* Begin PBXVariantGroup section */
		785E8B91285796740063DB63 /* Main.storyboard */ = {
			isa = PBXVariantGroup;
			children = (
				785E8B92285796740063DB63 /* Base */,
			);
			name = Main.storyboard;
			sourceTree = "<group>";
		};
		785E8B99285796750063DB63 /* LaunchScreen.storyboard */ = {
			isa = PBXVariantGroup;
			children = (
				785E8B9A285796750063DB63 /* Base */,
			);
			name = LaunchScreen.storyboard;
			sourceTree = "<group>";
		};
/* End PBXVariantGroup section */

/* Begin XCBuildConfiguration section */
		785E8B9D285796750063DB63 /* Debug */ = {
			isa = XCBuildConfiguration;
			buildSettings = {
				ALWAYS_SEARCH_USER_PATHS = NO;
				CLANG_ANALYZER_NONNULL = YES;
				CLANG_ANALYZER_NUMBER_OBJECT_CONVERSION = YES_AGGRESSIVE;
				CLANG_CXX_LANGUAGE_STANDARD = "gnu++17";
				CLANG_ENABLE_MODULES = YES;
				CLANG_ENABLE_OBJC_ARC = YES;
				CLANG_ENABLE_OBJC_WEAK = YES;
				CLANG_WARN_BLOCK_CAPTURE_AUTORELEASING = YES;
				CLANG_WARN_BOOL_CONVERSION = YES;
				CLANG_WARN_COMMA = YES;
				CLANG_WARN_CONSTANT_CONVERSION = YES;
				CLANG_WARN_DEPRECATED_OBJC_IMPLEMENTATIONS = YES;
				CLANG_WARN_DIRECT_OBJC_ISA_USAGE = YES_ERROR;
				CLANG_WARN_DOCUMENTATION_COMMENTS = YES;
				CLANG_WARN_EMPTY_BODY = YES;
				CLANG_WARN_ENUM_CONVERSION = YES;
				CLANG_WARN_INFINITE_RECURSION = YES;
				CLANG_WARN_INT_CONVERSION = YES;
				CLANG_WARN_NON_LITERAL_NULL_CONVERSION = YES;
				CLANG_WARN_OBJC_IMPLICIT_RETAIN_SELF = YES;
				CLANG_WARN_OBJC_LITERAL_CONVERSION = YES;
				CLANG_WARN_OBJC_ROOT_CLASS = YES_ERROR;
				CLANG_WARN_QUOTED_INCLUDE_IN_FRAMEWORK_HEADER = YES;
				CLANG_WARN_RANGE_LOOP_ANALYSIS = YES;
				CLANG_WARN_STRICT_PROTOTYPES = YES;
				CLANG_WARN_SUSPICIOUS_MOVE = YES;
				CLANG_WARN_UNGUARDED_AVAILABILITY = YES_AGGRESSIVE;
				CLANG_WARN_UNREACHABLE_CODE = YES;
				CLANG_WARN__DUPLICATE_METHOD_MATCH = YES;
				COPY_PHASE_STRIP = NO;
				DEBUG_INFORMATION_FORMAT = dwarf;
				ENABLE_STRICT_OBJC_MSGSEND = YES;
				ENABLE_TESTABILITY = YES;
				GCC_C_LANGUAGE_STANDARD = gnu11;
				GCC_DYNAMIC_NO_PIC = NO;
				GCC_NO_COMMON_BLOCKS = YES;
				GCC_OPTIMIZATION_LEVEL = 0;
				GCC_PREPROCESSOR_DEFINITIONS = (
					"DEBUG=1",
					"$(inherited)",
				);
				GCC_WARN_64_TO_32_BIT_CONVERSION = YES;
				GCC_WARN_ABOUT_RETURN_TYPE = YES_ERROR;
				GCC_WARN_UNDECLARED_SELECTOR = YES;
				GCC_WARN_UNINITIALIZED_AUTOS = YES_AGGRESSIVE;
				GCC_WARN_UNUSED_FUNCTION = YES;
				GCC_WARN_UNUSED_VARIABLE = YES;
				IPHONEOS_DEPLOYMENT_TARGET = 9.3;
				MTL_ENABLE_DEBUG_INFO = INCLUDE_SOURCE;
				MTL_FAST_MATH = YES;
				ONLY_ACTIVE_ARCH = YES;
				SDKROOT = iphoneos;
				SWIFT_ACTIVE_COMPILATION_CONDITIONS = DEBUG;
				SWIFT_OPTIMIZATION_LEVEL = "-Onone";
			};
			name = Debug;
		};
		785E8B9E285796750063DB63 /* Release */ = {
			isa = XCBuildConfiguration;
			buildSettings = {
				ALWAYS_SEARCH_USER_PATHS = NO;
				CLANG_ANALYZER_NONNULL = YES;
				CLANG_ANALYZER_NUMBER_OBJECT_CONVERSION = YES_AGGRESSIVE;
				CLANG_CXX_LANGUAGE_STANDARD = "gnu++17";
				CLANG_ENABLE_MODULES = YES;
				CLANG_ENABLE_OBJC_ARC = YES;
				CLANG_ENABLE_OBJC_WEAK = YES;
				CLANG_WARN_BLOCK_CAPTURE_AUTORELEASING = YES;
				CLANG_WARN_BOOL_CONVERSION = YES;
				CLANG_WARN_COMMA = YES;
				CLANG_WARN_CONSTANT_CONVERSION = YES;
				CLANG_WARN_DEPRECATED_OBJC_IMPLEMENTATIONS = YES;
				CLANG_WARN_DIRECT_OBJC_ISA_USAGE = YES_ERROR;
				CLANG_WARN_DOCUMENTATION_COMMENTS = YES;
				CLANG_WARN_EMPTY_BODY = YES;
				CLANG_WARN_ENUM_CONVERSION = YES;
				CLANG_WARN_INFINITE_RECURSION = YES;
				CLANG_WARN_INT_CONVERSION = YES;
				CLANG_WARN_NON_LITERAL_NULL_CONVERSION = YES;
				CLANG_WARN_OBJC_IMPLICIT_RETAIN_SELF = YES;
				CLANG_WARN_OBJC_LITERAL_CONVERSION = YES;
				CLANG_WARN_OBJC_ROOT_CLASS = YES_ERROR;
				CLANG_WARN_QUOTED_INCLUDE_IN_FRAMEWORK_HEADER = YES;
				CLANG_WARN_RANGE_LOOP_ANALYSIS = YES;
				CLANG_WARN_STRICT_PROTOTYPES = YES;
				CLANG_WARN_SUSPICIOUS_MOVE = YES;
				CLANG_WARN_UNGUARDED_AVAILABILITY = YES_AGGRESSIVE;
				CLANG_WARN_UNREACHABLE_CODE = YES;
				CLANG_WARN__DUPLICATE_METHOD_MATCH = YES;
				COPY_PHASE_STRIP = NO;
				DEBUG_INFORMATION_FORMAT = "dwarf-with-dsym";
				ENABLE_NS_ASSERTIONS = NO;
				ENABLE_STRICT_OBJC_MSGSEND = YES;
				GCC_C_LANGUAGE_STANDARD = gnu11;
				GCC_NO_COMMON_BLOCKS = YES;
				GCC_WARN_64_TO_32_BIT_CONVERSION = YES;
				GCC_WARN_ABOUT_RETURN_TYPE = YES_ERROR;
				GCC_WARN_UNDECLARED_SELECTOR = YES;
				GCC_WARN_UNINITIALIZED_AUTOS = YES_AGGRESSIVE;
				GCC_WARN_UNUSED_FUNCTION = YES;
				GCC_WARN_UNUSED_VARIABLE = YES;
				IPHONEOS_DEPLOYMENT_TARGET = 9.3;
				MTL_ENABLE_DEBUG_INFO = NO;
				MTL_FAST_MATH = YES;
				SDKROOT = iphoneos;
				SWIFT_COMPILATION_MODE = wholemodule;
				SWIFT_OPTIMIZATION_LEVEL = "-O";
				VALIDATE_PRODUCT = YES;
			};
			name = Release;
		};
		785E8BA0285796750063DB63 /* Debug */ = {
			isa = XCBuildConfiguration;
			buildSettings = {
				ARCHS = (
					"$(ARCHS_STANDARD)",
					arm64,
					armv7,
				);
				ASSETCATALOG_COMPILER_APPICON_NAME = AppIcon;
				ASSETCATALOG_COMPILER_GLOBAL_ACCENT_COLOR_NAME = AccentColor;
				CODE_SIGN_STYLE = Automatic;
				CURRENT_PROJECT_VERSION = 1;
				DEVELOPMENT_TEAM = 67BUZRGVX2;
				GENERATE_INFOPLIST_FILE = YES;
				INFOPLIST_FILE = ShellText/Info.plist;
				INFOPLIST_KEY_UIApplicationSupportsIndirectInputEvents = YES;
				INFOPLIST_KEY_UILaunchStoryboardName = LaunchScreen;
				INFOPLIST_KEY_UIMainStoryboardFile = Main;
				INFOPLIST_KEY_UIRequiredDeviceCapabilities = armv7;
				INFOPLIST_KEY_UISupportedInterfaceOrientations = "UIInterfaceOrientationPortrait UIInterfaceOrientationLandscapeLeft UIInterfaceOrientationLandscapeRight";
				INFOPLIST_KEY_UISupportedInterfaceOrientations_iPad = "UIInterfaceOrientationPortrait UIInterfaceOrientationPortraitUpsideDown UIInterfaceOrientationLandscapeLeft UIInterfaceOrientationLandscapeRight";
				INFOPLIST_KEY_UISupportedInterfaceOrientations_iPhone = "UIInterfaceOrientationPortrait UIInterfaceOrientationLandscapeLeft UIInterfaceOrientationLandscapeRight";
				IPHONEOS_DEPLOYMENT_TARGET = 9.3;
				LD_RUNPATH_SEARCH_PATHS = (
					"$(inherited)",
					"@executable_path/Frameworks",
				);
				MARKETING_VERSION = 1.0;
				PRODUCT_BUNDLE_IDENTIFIER = com.customertimes.terminal;
				PRODUCT_NAME = "$(TARGET_NAME)";
				SWIFT_EMIT_LOC_STRINGS = YES;
				SWIFT_VERSION = 5.0;
				TARGETED_DEVICE_FAMILY = "1,2";
			};
			name = Debug;
		};
		785E8BA1285796750063DB63 /* Release */ = {
			isa = XCBuildConfiguration;
			buildSettings = {
				ARCHS = (
					"$(ARCHS_STANDARD)",
					arm64,
					armv7,
				);
				ASSETCATALOG_COMPILER_APPICON_NAME = AppIcon;
				ASSETCATALOG_COMPILER_GLOBAL_ACCENT_COLOR_NAME = AccentColor;
				CODE_SIGN_STYLE = Automatic;
				CURRENT_PROJECT_VERSION = 1;
				DEVELOPMENT_TEAM = 67BUZRGVX2;
				GENERATE_INFOPLIST_FILE = YES;
				INFOPLIST_FILE = ShellText/Info.plist;
				INFOPLIST_KEY_UIApplicationSupportsIndirectInputEvents = YES;
				INFOPLIST_KEY_UILaunchStoryboardName = LaunchScreen;
				INFOPLIST_KEY_UIMainStoryboardFile = Main;
				INFOPLIST_KEY_UIRequiredDeviceCapabilities = armv7;
				INFOPLIST_KEY_UISupportedInterfaceOrientations = "UIInterfaceOrientationPortrait UIInterfaceOrientationLandscapeLeft UIInterfaceOrientationLandscapeRight";
				INFOPLIST_KEY_UISupportedInterfaceOrientations_iPad = "UIInterfaceOrientationPortrait UIInterfaceOrientationPortraitUpsideDown UIInterfaceOrientationLandscapeLeft UIInterfaceOrientationLandscapeRight";
				INFOPLIST_KEY_UISupportedInterfaceOrientations_iPhone = "UIInterfaceOrientationPortrait UIInterfaceOrientationLandscapeLeft UIInterfaceOrientationLandscapeRight";
				IPHONEOS_DEPLOYMENT_TARGET = 9.3;
				LD_RUNPATH_SEARCH_PATHS = (
					"$(inherited)",
					"@executable_path/Frameworks",
				);
				MARKETING_VERSION = 1.0;
				PRODUCT_BUNDLE_IDENTIFIER = com.customertimes.terminal;
				PRODUCT_NAME = "$(TARGET_NAME)";
				SWIFT_EMIT_LOC_STRINGS = YES;
				SWIFT_VERSION = 5.0;
				TARGETED_DEVICE_FAMILY = "1,2";
			};
			name = Release;
		};
/* End XCBuildConfiguration section */

/* Begin XCConfigurationList section */
		785E8B83285796740063DB63 /* Build configuration list for PBXProject "ShellText" */ = {
			isa = XCConfigurationList;
			buildConfigurations = (
				785E8B9D285796750063DB63 /* Debug */,
				785E8B9E285796750063DB63 /* Release */,
			);
			defaultConfigurationIsVisible = 0;
			defaultConfigurationName = Release;
		};
		785E8B9F285796750063DB63 /* Build configuration list for PBXNativeTarget "ShellText" */ = {
			isa = XCConfigurationList;
			buildConfigurations = (
				785E8BA0285796750063DB63 /* Debug */,
				785E8BA1285796750063DB63 /* Release */,
			);
			defaultConfigurationIsVisible = 0;
			defaultConfigurationName = Release;
		};
/* End XCConfigurationList section */

/* Begin XCRemoteSwiftPackageReference section */
		7815057F299C15E50020C37C /* XCRemoteSwiftPackageReference "SwiftyJSON" */ = {
			isa = XCRemoteSwiftPackageReference;
			repositoryURL = "https://github.com/SwiftyJSON/SwiftyJSON.git";
			requirement = {
				kind = upToNextMajorVersion;
				minimumVersion = 5.0.0;
			};
		};
		785E8BB52857A2B70063DB63 /* XCRemoteSwiftPackageReference "Alamofire" */ = {
			isa = XCRemoteSwiftPackageReference;
			repositoryURL = "https://github.com/Alamofire/Alamofire";
			requirement = {
				kind = upToNextMajorVersion;
				minimumVersion = 4.9.1;
			};
		};
/* End XCRemoteSwiftPackageReference section */

/* Begin XCSwiftPackageProductDependency section */
		78150580299C15E50020C37C /* SwiftyJSON */ = {
			isa = XCSwiftPackageProductDependency;
			package = 7815057F299C15E50020C37C /* XCRemoteSwiftPackageReference "SwiftyJSON" */;
			productName = SwiftyJSON;
		};
		785E8BB62857A2B70063DB63 /* Alamofire */ = {
			isa = XCSwiftPackageProductDependency;
			package = 785E8BB52857A2B70063DB63 /* XCRemoteSwiftPackageReference "Alamofire" */;
			productName = Alamofire;
		};
/* End XCSwiftPackageProductDependency section */

/* Begin XCVersionGroup section */
		785E8B94285796740063DB63 /* ShellText.xcdatamodeld */ = {
			isa = XCVersionGroup;
			children = (
				785E8B95285796740063DB63 /* ShellText.xcdatamodel */,
			);
			currentVersion = 785E8B95285796740063DB63 /* ShellText.xcdatamodel */;
			path = ShellText.xcdatamodeld;
			sourceTree = "<group>";
			versionGroupType = wrapper.xcdatamodel;
		};
/* End XCVersionGroup section */
	};
	rootObject = 785E8B80285796740063DB63 /* Project object */;
}
